
Microsoft Visual Studio Solution File, Format Version 12.00
# Visual Studio Version 16
VisualStudioVersion = 16.0.29613.14
MinimumVisualStudioVersion = 10.0.40219.1
Project("{FAE04EC0-301F-11D3-BF4B-00C04F79EFBC}") = "SimpleMapper", "src\SimpleMapper.csproj", "{38BFF504-C2EE-4D86-ADB2-3FCAB93C4A61}"
EndProject
Global
	GlobalSection(SolutionConfigurationPlatforms) = preSolution
		Debug|Any CPU = Debug|Any CPU
		Release|Any CPU = Release|Any CPU
	EndGlobalSection
	GlobalSection(ProjectConfigurationPlatforms) = postSolution
		{CC5B55CD-830C-4168-92BE-3819C52BCDEF}.Debug|Any CPU.ActiveCfg = Debug|Any CPU
		{CC5B55CD-830C-4168-92BE-3819C52BCDEF}.Debug|Any CPU.Build.0 = Debug|Any CPU
		{CC5B55CD-830C-4168-92BE-3819C52BCDEF}.Release|Any CPU.ActiveCfg = Release|Any CPU
		{CC5B55CD-830C-4168-92BE-3819C52BCDEF}.Release|Any CPU.Build.0 = Release|Any CPU
		{38BFF504-C2EE-4D86-ADB2-3FCAB93C4A61}.Debug|Any CPU.ActiveCfg = Debug|Any CPU
		{38BFF504-C2EE-4D86-ADB2-3FCAB93C4A61}.Debug|Any CPU.Build.0 = Debug|Any CPU
		{38BFF504-C2EE-4D86-ADB2-3FCAB93C4A61}.Release|Any CPU.ActiveCfg = Release|Any CPU
		{38BFF504-C2EE-4D86-ADB2-3FCAB93C4A61}.Release|Any CPU.Build.0 = Release|Any CPU
	EndGlobalSection
	GlobalSection(SolutionProperties) = preSolution
		HideSolutionNode = FALSE
	EndGlobalSection
	GlobalSection(ExtensibilityGlobals) = postSolution
		SolutionGuid = {B2EAC3E6-D766-4C8D-8FFE-1912FEBD663D}
	EndGlobalSection
EndGlobal
